
Microsoft Visual Studio Solution File, Format Version 12.00
# Visual Studio 15
VisualStudioVersion = 15.0.27130.2003
MinimumVisualStudioVersion = 10.0.40219.1
Project("{2150E333-8FDC-42A3-9474-1A3956D46DE8}") = "Libraries", "Libraries", "{0E79E494-9573-4723-8F16-57C943982192}"
EndProject
Project("{2150E333-8FDC-42A3-9474-1A3956D46DE8}") = "Presentation", "Presentation", "{B0DAC4AC-9178-4AA5-B6A1-F85293BC8594}"
EndProject
Project("{2150E333-8FDC-42A3-9474-1A3956D46DE8}") = "Test", "Test", "{0F8A853E-8133-4C52-9ADF-3F7C134BD1D4}"
EndProject
Project("{FAE04EC0-301F-11D3-BF4B-00C04F79EFBC}") = "BetEasy.Common", "BetEasy.Common\BetEasy.Common.csproj", "{26C1D507-1AD0-451D-9664-4AA91F6076B7}"
EndProject
Project("{FAE04EC0-301F-11D3-BF4B-00C04F79EFBC}") = "BetEasy.Core", "BetEasy.Core\BetEasy.Core.csproj", "{FF9BFA97-E6F7-4FF9-8486-15E37DD3FE5F}"
EndProject
Project("{FAE04EC0-301F-11D3-BF4B-00C04F79EFBC}") = "BetEasy.Framework", "BetEasy.Framework\BetEasy.Framework.csproj", "{BD5D979C-5ED5-4BA3-AFB7-713847D9383F}"
EndProject
Project("{FAE04EC0-301F-11D3-BF4B-00C04F79EFBC}") = "BetEasy.Web", "BetEasy.Web\BetEasy.Web.csproj", "{A625DF67-3C78-4909-B38E-F24D99616A6F}"
EndProject
Project("{FAE04EC0-301F-11D3-BF4B-00C04F79EFBC}") = "BetEasy.Test", "BetEasy.Test\BetEasy.Test.csproj", "{77541A04-366F-4D55-B599-B1648AC0AECD}"
EndProject
Global
	GlobalSection(SolutionConfigurationPlatforms) = preSolution
		Debug|Any CPU = Debug|Any CPU
		Release|Any CPU = Release|Any CPU
	EndGlobalSection
	GlobalSection(ProjectConfigurationPlatforms) = postSolution
		{26C1D507-1AD0-451D-9664-4AA91F6076B7}.Debug|Any CPU.ActiveCfg = Debug|Any CPU
		{26C1D507-1AD0-451D-9664-4AA91F6076B7}.Debug|Any CPU.Build.0 = Debug|Any CPU
		{26C1D507-1AD0-451D-9664-4AA91F6076B7}.Release|Any CPU.ActiveCfg = Release|Any CPU
		{26C1D507-1AD0-451D-9664-4AA91F6076B7}.Release|Any CPU.Build.0 = Release|Any CPU
		{FF9BFA97-E6F7-4FF9-8486-15E37DD3FE5F}.Debug|Any CPU.ActiveCfg = Debug|Any CPU
		{FF9BFA97-E6F7-4FF9-8486-15E37DD3FE5F}.Debug|Any CPU.Build.0 = Debug|Any CPU
		{FF9BFA97-E6F7-4FF9-8486-15E37DD3FE5F}.Release|Any CPU.ActiveCfg = Release|Any CPU
		{FF9BFA97-E6F7-4FF9-8486-15E37DD3FE5F}.Release|Any CPU.Build.0 = Release|Any CPU
		{BD5D979C-5ED5-4BA3-AFB7-713847D9383F}.Debug|Any CPU.ActiveCfg = Debug|Any CPU
		{BD5D979C-5ED5-4BA3-AFB7-713847D9383F}.Debug|Any CPU.Build.0 = Debug|Any CPU
		{BD5D979C-5ED5-4BA3-AFB7-713847D9383F}.Release|Any CPU.ActiveCfg = Release|Any CPU
		{BD5D979C-5ED5-4BA3-AFB7-713847D9383F}.Release|Any CPU.Build.0 = Release|Any CPU
		{A625DF67-3C78-4909-B38E-F24D99616A6F}.Debug|Any CPU.ActiveCfg = Debug|Any CPU
		{A625DF67-3C78-4909-B38E-F24D99616A6F}.Debug|Any CPU.Build.0 = Debug|Any CPU
		{A625DF67-3C78-4909-B38E-F24D99616A6F}.Release|Any CPU.ActiveCfg = Release|Any CPU
		{A625DF67-3C78-4909-B38E-F24D99616A6F}.Release|Any CPU.Build.0 = Release|Any CPU
		{77541A04-366F-4D55-B599-B1648AC0AECD}.Debug|Any CPU.ActiveCfg = Debug|Any CPU
		{77541A04-366F-4D55-B599-B1648AC0AECD}.Debug|Any CPU.Build.0 = Debug|Any CPU
		{77541A04-366F-4D55-B599-B1648AC0AECD}.Release|Any CPU.ActiveCfg = Release|Any CPU
		{77541A04-366F-4D55-B599-B1648AC0AECD}.Release|Any CPU.Build.0 = Release|Any CPU
	EndGlobalSection
	GlobalSection(SolutionProperties) = preSolution
		HideSolutionNode = FALSE
	EndGlobalSection
	GlobalSection(NestedProjects) = preSolution
		{26C1D507-1AD0-451D-9664-4AA91F6076B7} = {0E79E494-9573-4723-8F16-57C943982192}
		{FF9BFA97-E6F7-4FF9-8486-15E37DD3FE5F} = {0E79E494-9573-4723-8F16-57C943982192}
		{BD5D979C-5ED5-4BA3-AFB7-713847D9383F} = {B0DAC4AC-9178-4AA5-B6A1-F85293BC8594}
		{A625DF67-3C78-4909-B38E-F24D99616A6F} = {B0DAC4AC-9178-4AA5-B6A1-F85293BC8594}
		{77541A04-366F-4D55-B599-B1648AC0AECD} = {0F8A853E-8133-4C52-9ADF-3F7C134BD1D4}
	EndGlobalSection
	GlobalSection(ExtensibilityGlobals) = postSolution
		SolutionGuid = {19C4982B-6893-4DB5-9B99-690340DF13FD}
	EndGlobalSection
EndGlobal
